// !$*UTF8*$!
{
	archiveVersion = 1;
	classes = {
	};
	objectVersion = 77;
	objects = {

/* Begin PBXBuildFile section */
		014ADBC86157CA6FCEB8842A /* BackfillPlanner.swift in Sources */ = {isa = PBXBuildFile; fileRef = 344C84B860B74D7845D1B260 /* BackfillPlanner.swift */; };
		1F0F603ED1CD28C8B384D9FF /* HRVTranslationEngine.swift in Sources */ = {isa = PBXBuildFile; fileRef = ECA5F2A0136D18405CEDD43D /* HRVTranslationEngine.swift */; };
		236406032EFB629D3344E56E /* AppModel.swift in Sources */ = {isa = PBXBuildFile; fileRef = D1DDD539F3329BF94F78FAD4 /* AppModel.swift */; };
		26976C22E26A8FEB33415DDB /* Secrets.xcconfig.example in Resources */ = {isa = PBXBuildFile; fileRef = E2D69983D1260E3CFBE229FD /* Secrets.xcconfig.example */; };
		2729A8593AF347236020A6B2 /* HealthKitMapping.swift in Sources */ = {isa = PBXBuildFile; fileRef = ACB49D92003FE97178CABE08 /* HealthKitMapping.swift */; };
		29FC93B57D2B9F5028A7A956 /* PersistenceStore.swift in Sources */ = {isa = PBXBuildFile; fileRef = 7340FB682D45CB8DFC64E38B /* PersistenceStore.swift */; };
		2A9A20B6F4FB3C800B43FE04 /* SyncEngine.swift in Sources */ = {isa = PBXBuildFile; fileRef = 33EF1D926AC435904897EA90 /* SyncEngine.swift */; };
		2FE1F02B955912E607122E09 /* OAuthTokens.swift in Sources */ = {isa = PBXBuildFile; fileRef = 9A226BDD1122D8C83A465D61 /* OAuthTokens.swift */; };
		36BBE7B4A31DDEEC52E37898 /* LocalDataView.swift in Sources */ = {isa = PBXBuildFile; fileRef = B2BB969BD3A49A1CAC648067 /* LocalDataView.swift */; };
		46BB2F0246ED510CD8974994 /* PrivacyShield.swift in Sources */ = {isa = PBXBuildFile; fileRef = 2ED3D7962CFAF7CD1EF91474 /* PrivacyShield.swift */; };
		4B89897CFAD337479899BD44 /* PrivacySettingsView.swift in Sources */ = {isa = PBXBuildFile; fileRef = CC85400CA0803E30D29DDD62 /* PrivacySettingsView.swift */; };
		5A73A5F968A1FB2F49411609 /* PersistenceStoreTests.swift in Sources */ = {isa = PBXBuildFile; fileRef = 464370DCCED8DA83E7921673 /* PersistenceStoreTests.swift */; };
		5EA980210BD8A4B84580EEFD /* BrokerClient.swift in Sources */ = {isa = PBXBuildFile; fileRef = 538A47522255564EB3BF676E /* BrokerClient.swift */; };
		693DA2CD20D6DB78EFD04605 /* HealthKitService.swift in Sources */ = {isa = PBXBuildFile; fileRef = A59653F3F13D4EC48C25462D /* HealthKitService.swift */; };
		6B9BA417F0E353FF8AC6D04A /* HRVTranslationEngineTests.swift in Sources */ = {isa = PBXBuildFile; fileRef = 814056DFE2E6C13BF2609D26 /* HRVTranslationEngineTests.swift */; };
		74F9854B0B88A6FE92C797DB /* OuraClient.swift in Sources */ = {isa = PBXBuildFile; fileRef = 582C3AA8AA1EEF2F084961CC /* OuraClient.swift */; };
		81EDB6DA504C36CB903A795E /* OuraClientTests.swift in Sources */ = {isa = PBXBuildFile; fileRef = 5E52E8BF14160188F287A391 /* OuraClientTests.swift */; };
		85168DD581074232E532A04B /* BackfillPlannerTests.swift in Sources */ = {isa = PBXBuildFile; fileRef = 16BC65EF501466DD02E72C11 /* BackfillPlannerTests.swift */; };
		89AB6BB4AB2CB92C780BBB98 /* OuraModels.swift in Sources */ = {isa = PBXBuildFile; fileRef = 15B8059AAB6CF7542B107C92 /* OuraModels.swift */; };
		B92A6B9F4F550E85FB6F1ABC /* RedactedLog.swift in Sources */ = {isa = PBXBuildFile; fileRef = 1696B5F5001F739C1DDFCDC3 /* RedactedLog.swift */; };
		BDA5CFEE732DE97B5C97A9D0 /* VitalSyncApp.swift in Sources */ = {isa = PBXBuildFile; fileRef = 6C4C0A1574C9AD95BC42D832 /* VitalSyncApp.swift */; };
		C121E32F871F95F585763952 /* BackgroundSyncScheduler.swift in Sources */ = {isa = PBXBuildFile; fileRef = 0281F6D0CE454A38F44E57D0 /* BackgroundSyncScheduler.swift */; };
		C173B80063B00BCC8D49CFCD /* TokenManagerTests.swift in Sources */ = {isa = PBXBuildFile; fileRef = 2F2CE4E8CC027140F2A01F85 /* TokenManagerTests.swift */; };
		C2A26F2A606E268625170AAD /* OAuthCoordinator.swift in Sources */ = {isa = PBXBuildFile; fileRef = E6F38B4AEC37EAFE55595927 /* OAuthCoordinator.swift */; };
		CCF8922E8FC3688E93E0E0F8 /* HealthDataTransferPolicy.swift in Sources */ = {isa = PBXBuildFile; fileRef = 71287BA7BE0881973ADE6FB1 /* HealthDataTransferPolicy.swift */; };
		CF6B7F81FCB5EE590CEACDFF /* HealthDataTransferPolicyTests.swift in Sources */ = {isa = PBXBuildFile; fileRef = A5D0B3D77661DB5169C9FF6C /* HealthDataTransferPolicyTests.swift */; };
		D0A3008E2E26F27DD1FDF291 /* SyncDashboardView.swift in Sources */ = {isa = PBXBuildFile; fileRef = C566A79588DB0E49A668EF2A /* SyncDashboardView.swift */; };
		D307E8106753E249C2684844 /* PersistentModels.swift in Sources */ = {isa = PBXBuildFile; fileRef = 069177EFA2DF3597AADB03BE /* PersistentModels.swift */; };
		D8A80258C81ED1FBEA5186BA /* HealthMetric.swift in Sources */ = {isa = PBXBuildFile; fileRef = 10FF6E6661BEDBEC79EB4E46 /* HealthMetric.swift */; };
		EC5B4E8537816F069F630FC6 /* RootView.swift in Sources */ = {isa = PBXBuildFile; fileRef = AE6F2EBB8F46579F923CDD2C /* RootView.swift */; };
		FFA6793F2C98B1CB44614D2E /* KeychainCredentialStore.swift in Sources */ = {isa = PBXBuildFile; fileRef = 408A69FDF2A2C4A1E0F39485 /* KeychainCredentialStore.swift */; };
/* End PBXBuildFile section */

/* Begin PBXContainerItemProxy section */
		CEFC707006819E914E51360C /* PBXContainerItemProxy */ = {
			isa = PBXContainerItemProxy;
			containerPortal = E434741143A5CDCD5F5F9F15 /* Project object */;
			proxyType = 1;
			remoteGlobalIDString = 85BBF3529B1E0DE3AB9BC9D7;
			remoteInfo = VitalSync;
		};
/* End PBXContainerItemProxy section */

/* Begin PBXFileReference section */
		0281F6D0CE454A38F44E57D0 /* BackgroundSyncScheduler.swift */ = {isa = PBXFileReference; lastKnownFileType = sourcecode.swift; path = BackgroundSyncScheduler.swift; sourceTree = "<group>"; };
		069177EFA2DF3597AADB03BE /* PersistentModels.swift */ = {isa = PBXFileReference; lastKnownFileType = sourcecode.swift; path = PersistentModels.swift; sourceTree = "<group>"; };
		0E99AC387135C42B6201F9BD /* VitalSync.entitlements */ = {isa = PBXFileReference; lastKnownFileType = text.plist.entitlements; path = VitalSync.entitlements; sourceTree = "<group>"; };
		10FF6E6661BEDBEC79EB4E46 /* HealthMetric.swift */ = {isa = PBXFileReference; lastKnownFileType = sourcecode.swift; path = HealthMetric.swift; sourceTree = "<group>"; };
		15B8059AAB6CF7542B107C92 /* OuraModels.swift */ = {isa = PBXFileReference; lastKnownFileType = sourcecode.swift; path = OuraModels.swift; sourceTree = "<group>"; };
		1696B5F5001F739C1DDFCDC3 /* RedactedLog.swift */ = {isa = PBXFileReference; lastKnownFileType = sourcecode.swift; path = RedactedLog.swift; sourceTree = "<group>"; };
		16BC65EF501466DD02E72C11 /* BackfillPlannerTests.swift */ = {isa = PBXFileReference; lastKnownFileType = sourcecode.swift; path = BackfillPlannerTests.swift; sourceTree = "<group>"; };
		2ED3D7962CFAF7CD1EF91474 /* PrivacyShield.swift */ = {isa = PBXFileReference; lastKnownFileType = sourcecode.swift; path = PrivacyShield.swift; sourceTree = "<group>"; };
		2F2CE4E8CC027140F2A01F85 /* TokenManagerTests.swift */ = {isa = PBXFileReference; lastKnownFileType = sourcecode.swift; path = TokenManagerTests.swift; sourceTree = "<group>"; };
		33EF1D926AC435904897EA90 /* SyncEngine.swift */ = {isa = PBXFileReference; lastKnownFileType = sourcecode.swift; path = SyncEngine.swift; sourceTree = "<group>"; };
		344C84B860B74D7845D1B260 /* BackfillPlanner.swift */ = {isa = PBXFileReference; lastKnownFileType = sourcecode.swift; path = BackfillPlanner.swift; sourceTree = "<group>"; };
		408A69FDF2A2C4A1E0F39485 /* KeychainCredentialStore.swift */ = {isa = PBXFileReference; lastKnownFileType = sourcecode.swift; path = KeychainCredentialStore.swift; sourceTree = "<group>"; };
		464370DCCED8DA83E7921673 /* PersistenceStoreTests.swift */ = {isa = PBXFileReference; lastKnownFileType = sourcecode.swift; path = PersistenceStoreTests.swift; sourceTree = "<group>"; };
		538A47522255564EB3BF676E /* BrokerClient.swift */ = {isa = PBXFileReference; lastKnownFileType = sourcecode.swift; path = BrokerClient.swift; sourceTree = "<group>"; };
		582C3AA8AA1EEF2F084961CC /* OuraClient.swift */ = {isa = PBXFileReference; lastKnownFileType = sourcecode.swift; path = OuraClient.swift; sourceTree = "<group>"; };
		5E52E8BF14160188F287A391 /* OuraClientTests.swift */ = {isa = PBXFileReference; lastKnownFileType = sourcecode.swift; path = OuraClientTests.swift; sourceTree = "<group>"; };
		6C4C0A1574C9AD95BC42D832 /* VitalSyncApp.swift */ = {isa = PBXFileReference; lastKnownFileType = sourcecode.swift; path = VitalSyncApp.swift; sourceTree = "<group>"; };
		71287BA7BE0881973ADE6FB1 /* HealthDataTransferPolicy.swift */ = {isa = PBXFileReference; lastKnownFileType = sourcecode.swift; path = HealthDataTransferPolicy.swift; sourceTree = "<group>"; };
		7340FB682D45CB8DFC64E38B /* PersistenceStore.swift */ = {isa = PBXFileReference; lastKnownFileType = sourcecode.swift; path = PersistenceStore.swift; sourceTree = "<group>"; };
		814056DFE2E6C13BF2609D26 /* HRVTranslationEngineTests.swift */ = {isa = PBXFileReference; lastKnownFileType = sourcecode.swift; path = HRVTranslationEngineTests.swift; sourceTree = "<group>"; };
		9A226BDD1122D8C83A465D61 /* OAuthTokens.swift */ = {isa = PBXFileReference; lastKnownFileType = sourcecode.swift; path = OAuthTokens.swift; sourceTree = "<group>"; };
		A59653F3F13D4EC48C25462D /* HealthKitService.swift */ = {isa = PBXFileReference; lastKnownFileType = sourcecode.swift; path = HealthKitService.swift; sourceTree = "<group>"; };
		A5D0B3D77661DB5169C9FF6C /* HealthDataTransferPolicyTests.swift */ = {isa = PBXFileReference; lastKnownFileType = sourcecode.swift; path = HealthDataTransferPolicyTests.swift; sourceTree = "<group>"; };
		ACB49D92003FE97178CABE08 /* HealthKitMapping.swift */ = {isa = PBXFileReference; lastKnownFileType = sourcecode.swift; path = HealthKitMapping.swift; sourceTree = "<group>"; };
		AE6F2EBB8F46579F923CDD2C /* RootView.swift */ = {isa = PBXFileReference; lastKnownFileType = sourcecode.swift; path = RootView.swift; sourceTree = "<group>"; };
		B2BB969BD3A49A1CAC648067 /* LocalDataView.swift */ = {isa = PBXFileReference; lastKnownFileType = sourcecode.swift; path = LocalDataView.swift; sourceTree = "<group>"; };
		C3F9EF8826C45D220447BB06 /* Info.plist */ = {isa = PBXFileReference; lastKnownFileType = text.plist; path = Info.plist; sourceTree = "<group>"; };
		C566A79588DB0E49A668EF2A /* SyncDashboardView.swift */ = {isa = PBXFileReference; lastKnownFileType = sourcecode.swift; path = SyncDashboardView.swift; sourceTree = "<group>"; };
		CC85400CA0803E30D29DDD62 /* PrivacySettingsView.swift */ = {isa = PBXFileReference; lastKnownFileType = sourcecode.swift; path = PrivacySettingsView.swift; sourceTree = "<group>"; };
		D1DDD539F3329BF94F78FAD4 /* AppModel.swift */ = {isa = PBXFileReference; lastKnownFileType = sourcecode.swift; path = AppModel.swift; sourceTree = "<group>"; };
		E2D69983D1260E3CFBE229FD /* Secrets.xcconfig.example */ = {isa = PBXFileReference; path = Secrets.xcconfig.example; sourceTree = "<group>"; };
		E2E7AA25B59B3202C654404D /* VitalSync.app */ = {isa = PBXFileReference; includeInIndex = 0; lastKnownFileType = wrapper.application; path = VitalSync.app; sourceTree = BUILT_PRODUCTS_DIR; };
		E6F38B4AEC37EAFE55595927 /* OAuthCoordinator.swift */ = {isa = PBXFileReference; lastKnownFileType = sourcecode.swift; path = OAuthCoordinator.swift; sourceTree = "<group>"; };
		E6FCC9BE58CD45419C7FCB69 /* VitalSyncTests.xctest */ = {isa = PBXFileReference; includeInIndex = 0; lastKnownFileType = wrapper.cfbundle; path = VitalSyncTests.xctest; sourceTree = BUILT_PRODUCTS_DIR; };
		ECA5F2A0136D18405CEDD43D /* HRVTranslationEngine.swift */ = {isa = PBXFileReference; lastKnownFileType = sourcecode.swift; path = HRVTranslationEngine.swift; sourceTree = "<group>"; };
/* End PBXFileReference section */

/* Begin PBXGroup section */
		1D636E9F493AD1D0E464CD3F /* VitalSync */ = {
			isa = PBXGroup;
			children = (
				4E94BC07385461FC591D1665 /* App */,
				2D5B4CD505135866880033AA /* Configuration */,
				2E157434EED004B42FDB0E7A /* Domain */,
				A60D19971D0A679D602E3466 /* Features */,
				8E078F0B57490B89E292E9EC /* HealthKit */,
				7DA87165565C134417B5ACEA /* Oura */,
				D596104218E650F26C7AA482 /* Persistence */,
				F37767FAFCD8F7C40E314F24 /* Resources */,
				EC13B73500DA94B997B6E740 /* Security */,
				713590E8F8698ADB63DDAD11 /* Sync */,
			);
			path = VitalSync;
			sourceTree = "<group>";
		};
		2D5B4CD505135866880033AA /* Configuration */ = {
			isa = PBXGroup;
			children = (
				E2D69983D1260E3CFBE229FD /* Secrets.xcconfig.example */,
			);
			path = Configuration;
			sourceTree = "<group>";
		};
		2E157434EED004B42FDB0E7A /* Domain */ = {
			isa = PBXGroup;
			children = (
				10FF6E6661BEDBEC79EB4E46 /* HealthMetric.swift */,
				ECA5F2A0136D18405CEDD43D /* HRVTranslationEngine.swift */,
				1696B5F5001F739C1DDFCDC3 /* RedactedLog.swift */,
			);
			path = Domain;
			sourceTree = "<group>";
		};
		4B0A68CC11F95EB34519CF18 /* Privacy */ = {
			isa = PBXGroup;
			children = (
				CC85400CA0803E30D29DDD62 /* PrivacySettingsView.swift */,
			);
			path = Privacy;
			sourceTree = "<group>";
		};
		4E94BC07385461FC591D1665 /* App */ = {
			isa = PBXGroup;
			children = (
				D1DDD539F3329BF94F78FAD4 /* AppModel.swift */,
				AE6F2EBB8F46579F923CDD2C /* RootView.swift */,
				6C4C0A1574C9AD95BC42D832 /* VitalSyncApp.swift */,
			);
			path = App;
			sourceTree = "<group>";
		};
		5A071535544949FBC4FB122D /* VitalSyncTests */ = {
			isa = PBXGroup;
			children = (
				16BC65EF501466DD02E72C11 /* BackfillPlannerTests.swift */,
				A5D0B3D77661DB5169C9FF6C /* HealthDataTransferPolicyTests.swift */,
				814056DFE2E6C13BF2609D26 /* HRVTranslationEngineTests.swift */,
				5E52E8BF14160188F287A391 /* OuraClientTests.swift */,
				464370DCCED8DA83E7921673 /* PersistenceStoreTests.swift */,
				2F2CE4E8CC027140F2A01F85 /* TokenManagerTests.swift */,
			);
			path = VitalSyncTests;
			sourceTree = "<group>";
		};
		713590E8F8698ADB63DDAD11 /* Sync */ = {
			isa = PBXGroup;
			children = (
				344C84B860B74D7845D1B260 /* BackfillPlanner.swift */,
				0281F6D0CE454A38F44E57D0 /* BackgroundSyncScheduler.swift */,
				33EF1D926AC435904897EA90 /* SyncEngine.swift */,
			);
			path = Sync;
			sourceTree = "<group>";
		};
		7CDD4F7E47B88ED04657AF48 = {
			isa = PBXGroup;
			children = (
				1D636E9F493AD1D0E464CD3F /* VitalSync */,
				5A071535544949FBC4FB122D /* VitalSyncTests */,
				988EB02DF872C89DC0FB6508 /* Products */,
			);
			sourceTree = "<group>";
		};
		7DA87165565C134417B5ACEA /* Oura */ = {
			isa = PBXGroup;
			children = (
				538A47522255564EB3BF676E /* BrokerClient.swift */,
				408A69FDF2A2C4A1E0F39485 /* KeychainCredentialStore.swift */,
				E6F38B4AEC37EAFE55595927 /* OAuthCoordinator.swift */,
				9A226BDD1122D8C83A465D61 /* OAuthTokens.swift */,
				582C3AA8AA1EEF2F084961CC /* OuraClient.swift */,
				15B8059AAB6CF7542B107C92 /* OuraModels.swift */,
			);
			path = Oura;
			sourceTree = "<group>";
		};
		8E078F0B57490B89E292E9EC /* HealthKit */ = {
			isa = PBXGroup;
			children = (
				ACB49D92003FE97178CABE08 /* HealthKitMapping.swift */,
				A59653F3F13D4EC48C25462D /* HealthKitService.swift */,
			);
			path = HealthKit;
			sourceTree = "<group>";
		};
		988EB02DF872C89DC0FB6508 /* Products */ = {
			isa = PBXGroup;
			children = (
				E2E7AA25B59B3202C654404D /* VitalSync.app */,
				E6FCC9BE58CD45419C7FCB69 /* VitalSyncTests.xctest */,
			);
			name = Products;
			sourceTree = "<group>";
		};
		9CDE2A631EEFD0589F151F2B /* Sync */ = {
			isa = PBXGroup;
			children = (
				C566A79588DB0E49A668EF2A /* SyncDashboardView.swift */,
			);
			path = Sync;
			sourceTree = "<group>";
		};
		A60D19971D0A679D602E3466 /* Features */ = {
			isa = PBXGroup;
			children = (
				B8E07BE5094BDC7F273E7139 /* Data */,
				4B0A68CC11F95EB34519CF18 /* Privacy */,
				9CDE2A631EEFD0589F151F2B /* Sync */,
			);
			path = Features;
			sourceTree = "<group>";
		};
		B8E07BE5094BDC7F273E7139 /* Data */ = {
			isa = PBXGroup;
			children = (
				B2BB969BD3A49A1CAC648067 /* LocalDataView.swift */,
			);
			path = Data;
			sourceTree = "<group>";
		};
		D596104218E650F26C7AA482 /* Persistence */ = {
			isa = PBXGroup;
			children = (
				7340FB682D45CB8DFC64E38B /* PersistenceStore.swift */,
				069177EFA2DF3597AADB03BE /* PersistentModels.swift */,
			);
			path = Persistence;
			sourceTree = "<group>";
		};
		EC13B73500DA94B997B6E740 /* Security */ = {
			isa = PBXGroup;
			children = (
				71287BA7BE0881973ADE6FB1 /* HealthDataTransferPolicy.swift */,
				2ED3D7962CFAF7CD1EF91474 /* PrivacyShield.swift */,
			);
			path = Security;
			sourceTree = "<group>";
		};
		F37767FAFCD8F7C40E314F24 /* Resources */ = {
			isa = PBXGroup;
			children = (
				C3F9EF8826C45D220447BB06 /* Info.plist */,
				0E99AC387135C42B6201F9BD /* VitalSync.entitlements */,
			);
			path = Resources;
			sourceTree = "<group>";
		};
/* End PBXGroup section */

/* Begin PBXNativeTarget section */
		85BBF3529B1E0DE3AB9BC9D7 /* VitalSync */ = {
			isa = PBXNativeTarget;
			buildConfigurationList = C78045B613B26F23AFE954D5 /* Build configuration list for PBXNativeTarget "VitalSync" */;
			buildPhases = (
				057AB0063EDD388EF283A395 /* Sources */,
				4AA18BFB791EF80C56375C2E /* Resources */,
			);
			buildRules = (
			);
			dependencies = (
			);
			name = VitalSync;
			packageProductDependencies = (
			);
			productName = VitalSync;
			productReference = E2E7AA25B59B3202C654404D /* VitalSync.app */;
			productType = "com.apple.product-type.application";
		};
		8B90E1265F93F13A4B5680A4 /* VitalSyncTests */ = {
			isa = PBXNativeTarget;
			buildConfigurationList = E57CB996E91F6D9C4B3F7374 /* Build configuration list for PBXNativeTarget "VitalSyncTests" */;
			buildPhases = (
				4038B2C48556E4FAEB211551 /* Sources */,
			);
			buildRules = (
			);
			dependencies = (
				6F57FDA9059C8A8EA5342D00 /* PBXTargetDependency */,
			);
			name = VitalSyncTests;
			packageProductDependencies = (
			);
			productName = VitalSyncTests;
			productReference = E6FCC9BE58CD45419C7FCB69 /* VitalSyncTests.xctest */;
			productType = "com.apple.product-type.bundle.unit-test";
		};
/* End PBXNativeTarget section */

/* Begin PBXProject section */
		E434741143A5CDCD5F5F9F15 /* Project object */ = {
			isa = PBXProject;
			attributes = {
				BuildIndependentTargetsInParallel = YES;
				LastUpgradeCheck = 2700;
				TargetAttributes = {
					85BBF3529B1E0DE3AB9BC9D7 = {
						DevelopmentTeam = "";
					};
					8B90E1265F93F13A4B5680A4 = {
						DevelopmentTeam = "";
					};
				};
			};
			buildConfigurationList = 4A44E44B6F9BC1FF4A36C30B /* Build configuration list for PBXProject "VitalSync" */;
			developmentRegion = en;
			hasScannedForEncodings = 0;
			knownRegions = (
				Base,
				en,
			);
			mainGroup = 7CDD4F7E47B88ED04657AF48;
			minimizedProjectReferenceProxies = 1;
			preferredProjectObjectVersion = 77;
			productRefGroup = 988EB02DF872C89DC0FB6508 /* Products */;
			projectDirPath = "";
			projectRoot = "";
			targets = (
				85BBF3529B1E0DE3AB9BC9D7 /* VitalSync */,
				8B90E1265F93F13A4B5680A4 /* VitalSyncTests */,
			);
		};
/* End PBXProject section */

/* Begin PBXResourcesBuildPhase section */
		4AA18BFB791EF80C56375C2E /* Resources */ = {
			isa = PBXResourcesBuildPhase;
			buildActionMask = 2147483647;
			files = (
				26976C22E26A8FEB33415DDB /* Secrets.xcconfig.example in Resources */,
			);
			runOnlyForDeploymentPostprocessing = 0;
		};
/* End PBXResourcesBuildPhase section */

/* Begin PBXSourcesBuildPhase section */
		057AB0063EDD388EF283A395 /* Sources */ = {
			isa = PBXSourcesBuildPhase;
			buildActionMask = 2147483647;
			files = (
				236406032EFB629D3344E56E /* AppModel.swift in Sources */,
				014ADBC86157CA6FCEB8842A /* BackfillPlanner.swift in Sources */,
				C121E32F871F95F585763952 /* BackgroundSyncScheduler.swift in Sources */,
				5EA980210BD8A4B84580EEFD /* BrokerClient.swift in Sources */,
				1F0F603ED1CD28C8B384D9FF /* HRVTranslationEngine.swift in Sources */,
				CCF8922E8FC3688E93E0E0F8 /* HealthDataTransferPolicy.swift in Sources */,
				2729A8593AF347236020A6B2 /* HealthKitMapping.swift in Sources */,
				693DA2CD20D6DB78EFD04605 /* HealthKitService.swift in Sources */,
				D8A80258C81ED1FBEA5186BA /* HealthMetric.swift in Sources */,
				FFA6793F2C98B1CB44614D2E /* KeychainCredentialStore.swift in Sources */,
				36BBE7B4A31DDEEC52E37898 /* LocalDataView.swift in Sources */,
				C2A26F2A606E268625170AAD /* OAuthCoordinator.swift in Sources */,
				2FE1F02B955912E607122E09 /* OAuthTokens.swift in Sources */,
				74F9854B0B88A6FE92C797DB /* OuraClient.swift in Sources */,
				89AB6BB4AB2CB92C780BBB98 /* OuraModels.swift in Sources */,
				29FC93B57D2B9F5028A7A956 /* PersistenceStore.swift in Sources */,
				D307E8106753E249C2684844 /* PersistentModels.swift in Sources */,
				4B89897CFAD337479899BD44 /* PrivacySettingsView.swift in Sources */,
				46BB2F0246ED510CD8974994 /* PrivacyShield.swift in Sources */,
				B92A6B9F4F550E85FB6F1ABC /* RedactedLog.swift in Sources */,
				EC5B4E8537816F069F630FC6 /* RootView.swift in Sources */,
				D0A3008E2E26F27DD1FDF291 /* SyncDashboardView.swift in Sources */,
				2A9A20B6F4FB3C800B43FE04 /* SyncEngine.swift in Sources */,
				BDA5CFEE732DE97B5C97A9D0 /* VitalSyncApp.swift in Sources */,
			);
			runOnlyForDeploymentPostprocessing = 0;
		};
		4038B2C48556E4FAEB211551 /* Sources */ = {
			isa = PBXSourcesBuildPhase;
			buildActionMask = 2147483647;
			files = (
				85168DD581074232E532A04B /* BackfillPlannerTests.swift in Sources */,
				6B9BA417F0E353FF8AC6D04A /* HRVTranslationEngineTests.swift in Sources */,
				CF6B7F81FCB5EE590CEACDFF /* HealthDataTransferPolicyTests.swift in Sources */,
				81EDB6DA504C36CB903A795E /* OuraClientTests.swift in Sources */,
				5A73A5F968A1FB2F49411609 /* PersistenceStoreTests.swift in Sources */,
				C173B80063B00BCC8D49CFCD /* TokenManagerTests.swift in Sources */,
			);
			runOnlyForDeploymentPostprocessing = 0;
		};
/* End PBXSourcesBuildPhase section */

/* Begin PBXTargetDependency section */
		6F57FDA9059C8A8EA5342D00 /* PBXTargetDependency */ = {
			isa = PBXTargetDependency;
			target = 85BBF3529B1E0DE3AB9BC9D7 /* VitalSync */;
			targetProxy = CEFC707006819E914E51360C /* PBXContainerItemProxy */;
		};
/* End PBXTargetDependency section */

/* Begin XCBuildConfiguration section */
		0446C5EE54CB6107ECB304DA /* Debug */ = {
			isa = XCBuildConfiguration;
			buildSettings = {
				BUNDLE_LOADER = "$(TEST_HOST)";
				GENERATE_INFOPLIST_FILE = YES;
				LD_RUNPATH_SEARCH_PATHS = (
					"$(inherited)",
					"@executable_path/Frameworks",
					"@loader_path/Frameworks",
				);
				PRODUCT_BUNDLE_IDENTIFIER = com.example.VitalSyncTests;
				SDKROOT = iphoneos;
				TARGETED_DEVICE_FAMILY = "1,2";
				TEST_HOST = "$(BUILT_PRODUCTS_DIR)/VitalSync.app/VitalSync";
			};
			name = Debug;
		};
		9C9F4B3172551DA8169D2214 /* Release */ = {
			isa = XCBuildConfiguration;
			buildSettings = {
				ALWAYS_SEARCH_USER_PATHS = NO;
				CLANG_ANALYZER_NONNULL = YES;
				CLANG_ANALYZER_NUMBER_OBJECT_CONVERSION = YES_AGGRESSIVE;
				CLANG_CXX_LANGUAGE_STANDARD = "gnu++14";
				CLANG_CXX_LIBRARY = "libc++";
				CLANG_ENABLE_MODULES = YES;
				CLANG_ENABLE_OBJC_ARC = YES;
				CLANG_ENABLE_OBJC_WEAK = YES;
				CLANG_WARN_BLOCK_CAPTURE_AUTORELEASING = YES;
				CLANG_WARN_BOOL_CONVERSION = YES;
				CLANG_WARN_COMMA = YES;
				CLANG_WARN_CONSTANT_CONVERSION = YES;
				CLANG_WARN_DEPRECATED_OBJC_IMPLEMENTATIONS = YES;
				CLANG_WARN_DIRECT_OBJC_ISA_USAGE = YES_ERROR;
				CLANG_WARN_DOCUMENTATION_COMMENTS = YES;
				CLANG_WARN_EMPTY_BODY = YES;
				CLANG_WARN_ENUM_CONVERSION = YES;
				CLANG_WARN_INFINITE_RECURSION = YES;
				CLANG_WARN_INT_CONVERSION = YES;
				CLANG_WARN_NON_LITERAL_NULL_CONVERSION = YES;
				CLANG_WARN_OBJC_IMPLICIT_RETAIN_SELF = YES;
				CLANG_WARN_OBJC_LITERAL_CONVERSION = YES;
				CLANG_WARN_OBJC_ROOT_CLASS = YES_ERROR;
				CLANG_WARN_QUOTED_INCLUDE_IN_FRAMEWORK_HEADER = YES;
				CLANG_WARN_RANGE_LOOP_ANALYSIS = YES;
				CLANG_WARN_STRICT_PROTOTYPES = YES;
				CLANG_WARN_SUSPICIOUS_MOVE = YES;
				CLANG_WARN_UNGUARDED_AVAILABILITY = YES_AGGRESSIVE;
				CLANG_WARN_UNREACHABLE_CODE = YES;
				CLANG_WARN__DUPLICATE_METHOD_MATCH = YES;
				COPY_PHASE_STRIP = NO;
				DEBUG_INFORMATION_FORMAT = "dwarf-with-dsym";
				DEVELOPMENT_TEAM = "";
				ENABLE_NS_ASSERTIONS = NO;
				ENABLE_STRICT_CONCURRENCY = complete;
				ENABLE_STRICT_OBJC_MSGSEND = YES;
				GCC_C_LANGUAGE_STANDARD = gnu11;
				GCC_NO_COMMON_BLOCKS = YES;
				GCC_WARN_64_TO_32_BIT_CONVERSION = YES;
				GCC_WARN_ABOUT_RETURN_TYPE = YES_ERROR;
				GCC_WARN_UNDECLARED_SELECTOR = YES;
				GCC_WARN_UNINITIALIZED_AUTOS = YES_AGGRESSIVE;
				GCC_WARN_UNUSED_FUNCTION = YES;
				GCC_WARN_UNUSED_VARIABLE = YES;
				IPHONEOS_DEPLOYMENT_TARGET = 17.0;
				MTL_ENABLE_DEBUG_INFO = NO;
				MTL_FAST_MATH = YES;
				PRODUCT_NAME = "$(TARGET_NAME)";
				SDKROOT = iphoneos;
				SWIFT_COMPILATION_MODE = wholemodule;
				SWIFT_OPTIMIZATION_LEVEL = "-O";
				SWIFT_STRICT_CONCURRENCY = complete;
				SWIFT_VERSION = 6.0;
			};
			name = Release;
		};
		9F983047703E110C6BDA7567 /* Debug */ = {
			isa = XCBuildConfiguration;
			buildSettings = {
				ALWAYS_SEARCH_USER_PATHS = NO;
				CLANG_ANALYZER_NONNULL = YES;
				CLANG_ANALYZER_NUMBER_OBJECT_CONVERSION = YES_AGGRESSIVE;
				CLANG_CXX_LANGUAGE_STANDARD = "gnu++14";
				CLANG_CXX_LIBRARY = "libc++";
				CLANG_ENABLE_MODULES = YES;
				CLANG_ENABLE_OBJC_ARC = YES;
				CLANG_ENABLE_OBJC_WEAK = YES;
				CLANG_WARN_BLOCK_CAPTURE_AUTORELEASING = YES;
				CLANG_WARN_BOOL_CONVERSION = YES;
				CLANG_WARN_COMMA = YES;
				CLANG_WARN_CONSTANT_CONVERSION = YES;
				CLANG_WARN_DEPRECATED_OBJC_IMPLEMENTATIONS = YES;
				CLANG_WARN_DIRECT_OBJC_ISA_USAGE = YES_ERROR;
				CLANG_WARN_DOCUMENTATION_COMMENTS = YES;
				CLANG_WARN_EMPTY_BODY = YES;
				CLANG_WARN_ENUM_CONVERSION = YES;
				CLANG_WARN_INFINITE_RECURSION = YES;
				CLANG_WARN_INT_CONVERSION = YES;
				CLANG_WARN_NON_LITERAL_NULL_CONVERSION = YES;
				CLANG_WARN_OBJC_IMPLICIT_RETAIN_SELF = YES;
				CLANG_WARN_OBJC_LITERAL_CONVERSION = YES;
				CLANG_WARN_OBJC_ROOT_CLASS = YES_ERROR;
				CLANG_WARN_QUOTED_INCLUDE_IN_FRAMEWORK_HEADER = YES;
				CLANG_WARN_RANGE_LOOP_ANALYSIS = YES;
				CLANG_WARN_STRICT_PROTOTYPES = YES;
				CLANG_WARN_SUSPICIOUS_MOVE = YES;
				CLANG_WARN_UNGUARDED_AVAILABILITY = YES_AGGRESSIVE;
				CLANG_WARN_UNREACHABLE_CODE = YES;
				CLANG_WARN__DUPLICATE_METHOD_MATCH = YES;
				COPY_PHASE_STRIP = NO;
				DEBUG_INFORMATION_FORMAT = dwarf;
				DEVELOPMENT_TEAM = "";
				ENABLE_STRICT_CONCURRENCY = complete;
				ENABLE_STRICT_OBJC_MSGSEND = YES;
				ENABLE_TESTABILITY = YES;
				GCC_C_LANGUAGE_STANDARD = gnu11;
				GCC_DYNAMIC_NO_PIC = NO;
				GCC_NO_COMMON_BLOCKS = YES;
				GCC_OPTIMIZATION_LEVEL = 0;
				GCC_PREPROCESSOR_DEFINITIONS = (
					"$(inherited)",
					"DEBUG=1",
				);
				GCC_WARN_64_TO_32_BIT_CONVERSION = YES;
				GCC_WARN_ABOUT_RETURN_TYPE = YES_ERROR;
				GCC_WARN_UNDECLARED_SELECTOR = YES;
				GCC_WARN_UNINITIALIZED_AUTOS = YES_AGGRESSIVE;
				GCC_WARN_UNUSED_FUNCTION = YES;
				GCC_WARN_UNUSED_VARIABLE = YES;
				IPHONEOS_DEPLOYMENT_TARGET = 17.0;
				MTL_ENABLE_DEBUG_INFO = INCLUDE_SOURCE;
				MTL_FAST_MATH = YES;
				ONLY_ACTIVE_ARCH = YES;
				PRODUCT_NAME = "$(TARGET_NAME)";
				SDKROOT = iphoneos;
				SWIFT_ACTIVE_COMPILATION_CONDITIONS = DEBUG;
				SWIFT_OPTIMIZATION_LEVEL = "-Onone";
				SWIFT_STRICT_CONCURRENCY = complete;
				SWIFT_VERSION = 6.0;
			};
			name = Debug;
		};
		CC54CAC9DAB2BE440BDED5BD /* Release */ = {
			isa = XCBuildConfiguration;
			buildSettings = {
				BUNDLE_LOADER = "$(TEST_HOST)";
				GENERATE_INFOPLIST_FILE = YES;
				LD_RUNPATH_SEARCH_PATHS = (
					"$(inherited)",
					"@executable_path/Frameworks",
					"@loader_path/Frameworks",
				);
				PRODUCT_BUNDLE_IDENTIFIER = com.example.VitalSyncTests;
				SDKROOT = iphoneos;
				TARGETED_DEVICE_FAMILY = "1,2";
				TEST_HOST = "$(BUILT_PRODUCTS_DIR)/VitalSync.app/VitalSync";
			};
			name = Release;
		};
		CCF252E9ABE9FC29B46BF161 /* Debug */ = {
			isa = XCBuildConfiguration;
			buildSettings = {
				ASSETCATALOG_COMPILER_APPICON_NAME = "";
				CODE_SIGN_ENTITLEMENTS = VitalSync/Resources/VitalSync.entitlements;
				CODE_SIGN_IDENTITY = "iPhone Developer";
				INFOPLIST_FILE = VitalSync/Resources/Info.plist;
				LD_RUNPATH_SEARCH_PATHS = (
					"$(inherited)",
					"@executable_path/Frameworks",
				);
				PRODUCT_BUNDLE_IDENTIFIER = com.example.VitalSync;
				PRODUCT_NAME = VitalSync;
				SDKROOT = iphoneos;
				SUPPORTS_MACCATALYST = NO;
				TARGETED_DEVICE_FAMILY = "1,2";
			};
			name = Debug;
		};
		E875423C511BA54D3F3D3E03 /* Release */ = {
			isa = XCBuildConfiguration;
			buildSettings = {
				ASSETCATALOG_COMPILER_APPICON_NAME = "";
				CODE_SIGN_ENTITLEMENTS = VitalSync/Resources/VitalSync.entitlements;
				CODE_SIGN_IDENTITY = "iPhone Developer";
				INFOPLIST_FILE = VitalSync/Resources/Info.plist;
				LD_RUNPATH_SEARCH_PATHS = (
					"$(inherited)",
					"@executable_path/Frameworks",
				);
				PRODUCT_BUNDLE_IDENTIFIER = com.example.VitalSync;
				PRODUCT_NAME = VitalSync;
				SDKROOT = iphoneos;
				SUPPORTS_MACCATALYST = NO;
				TARGETED_DEVICE_FAMILY = "1,2";
			};
			name = Release;
		};
/* End XCBuildConfiguration section */

/* Begin XCConfigurationList section */
		4A44E44B6F9BC1FF4A36C30B /* Build configuration list for PBXProject "VitalSync" */ = {
			isa = XCConfigurationList;
			buildConfigurations = (
				9F983047703E110C6BDA7567 /* Debug */,
				9C9F4B3172551DA8169D2214 /* Release */,
			);
			defaultConfigurationIsVisible = 0;
			defaultConfigurationName = Debug;
		};
		C78045B613B26F23AFE954D5 /* Build configuration list for PBXNativeTarget "VitalSync" */ = {
			isa = XCConfigurationList;
			buildConfigurations = (
				CCF252E9ABE9FC29B46BF161 /* Debug */,
				E875423C511BA54D3F3D3E03 /* Release */,
			);
			defaultConfigurationIsVisible = 0;
			defaultConfigurationName = Debug;
		};
		E57CB996E91F6D9C4B3F7374 /* Build configuration list for PBXNativeTarget "VitalSyncTests" */ = {
			isa = XCConfigurationList;
			buildConfigurations = (
				0446C5EE54CB6107ECB304DA /* Debug */,
				CC54CAC9DAB2BE440BDED5BD /* Release */,
			);
			defaultConfigurationIsVisible = 0;
			defaultConfigurationName = Debug;
		};
/* End XCConfigurationList section */
	};
	rootObject = E434741143A5CDCD5F5F9F15 /* Project object */;
}
